
Microsoft Visual Studio Solution File, Format Version 12.00
# Visual Studio Version 16
VisualStudioVersion = 16.0.29411.108
MinimumVisualStudioVersion = 10.0.40219.1
Project("{8BC9CEB8-8B4A-11D0-8D11-00A0C91BC942}") = "AwaleAI", "AwaleAI\AwaleAI.vcxproj", "{BE4D50CD-2FEA-4968-9B6B-45FA82BFE334}"
EndProject
Global
	GlobalSection(SolutionConfigurationPlatforms) = preSolution
		Debug|x64 = Debug|x64
		Debug|x86 = Debug|x86
		Release|x64 = Release|x64
		Release|x86 = Release|x86
	EndGlobalSection
	GlobalSection(ProjectConfigurationPlatforms) = postSolution
		{BE4D50CD-2FEA-4968-9B6B-45FA82BFE334}.Debug|x64.ActiveCfg = Debug|x64
		{BE4D50CD-2FEA-4968-9B6B-45FA82BFE334}.Debug|x64.Build.0 = Debug|x64
		{BE4D50CD-2FEA-4968-9B6B-45FA82BFE334}.Debug|x86.ActiveCfg = Debug|Win32
		{BE4D50CD-2FEA-4968-9B6B-45FA82BFE334}.Debug|x86.Build.0 = Debug|Win32
		{BE4D50CD-2FEA-4968-9B6B-45FA82BFE334}.Release|x64.ActiveCfg = Release|x64
		{BE4D50CD-2FEA-4968-9B6B-45FA82BFE334}.Release|x64.Build.0 = Release|x64
		{BE4D50CD-2FEA-4968-9B6B-45FA82BFE334}.Release|x86.ActiveCfg = Release|Win32
		{BE4D50CD-2FEA-4968-9B6B-45FA82BFE334}.Release|x86.Build.0 = Release|Win32
	EndGlobalSection
	GlobalSection(SolutionProperties) = preSolution
		HideSolutionNode = FALSE
	EndGlobalSection
	GlobalSection(ExtensibilityGlobals) = postSolution
		SolutionGuid = {D37573BE-3613-4E5F-91C3-D5CD3DEF0F7B}
	EndGlobalSection
EndGlobal
